<?xml version="1.0" encoding="UTF-8" standalone="yes" ?>
<CodeBlocks_project_file>
	<FileVersion major="1" minor="6" />
	<Project>
		<Option title="leetcode" />
		<Option pch_mode="2" />
		<Option compiler="gcc" />
		<Build>
			<Target title="Debug">
				<Option output="bin/Debug/leetcode" prefix_auto="1" extension_auto="1" />
				<Option object_output="obj/Debug/" />
				<Option type="1" />
				<Option compiler="gcc" />
				<Compiler>
					<Add option="-g" />
					<Add directory="include" />
				</Compiler>
			</Target>
			<Target title="Release">
				<Option output="bin/Release/leetcode" prefix_auto="1" extension_auto="1" />
				<Option object_output="obj/Release/" />
				<Option type="1" />
				<Option compiler="gcc" />
				<Compiler>
					<Add option="-O2" />
					<Add directory="include" />
				</Compiler>
				<Linker>
					<Add option="-s" />
				</Linker>
			</Target>
		</Build>
		<Compiler>
			<Add option="-Wall" />
			<Add option="-fexceptions" />
		</Compiler>
		<Unit filename="include/Solution.h" />
		<Unit filename="include/c121_maxProfit.h" />
		<Unit filename="include/c122_maxProfit.h" />
		<Unit filename="include/c198_rob.h" />
		<Unit filename="include/c208_Trie.h" />
		<Unit filename="include/c213_rob.h" />
		<Unit filename="include/c27_removeElement.h" />
		<Unit filename="include/c28_strstr.h" />
		<Unit filename="include/c300_lengthOfLIS.h" />
		<Unit filename="include/c363_maxSumSubmatrix.h" />
		<Unit filename="include/c368_largestDivisibleSubset.h" />
		<Unit filename="include/c5_longestPalindrome.h" />
		<Unit filename="include/c783_minDiffInBST.h" />
		<Unit filename="include/c87_isScramble.h" />
		<Unit filename="include/c897_increasingBST.h" />
		<Unit filename="include/c91_numDecodings.h" />
		<Unit filename="include/utils.h" />
		<Unit filename="main.cpp" />
		<Unit filename="src/Solution.cpp" />
		<Unit filename="src/c121_maxProfit.cpp" />
		<Unit filename="src/c122_maxProfit.cpp" />
		<Unit filename="src/c198_rob.cpp" />
		<Unit filename="src/c208_Trie.cpp" />
		<Unit filename="src/c213_rob.cpp" />
		<Unit filename="src/c22_generateParenthesis.cpp" />
		<Unit filename="src/c27_removeElement.cpp" />
		<Unit filename="src/c28_strstr.cpp" />
		<Unit filename="src/c300_lengthOfLIS.cpp" />
		<Unit filename="src/c33_search.cpp" />
		<Unit filename="src/c363_maxSumSubmatrix.cpp" />
		<Unit filename="src/c368_largestDivisibleSubset.cpp" />
		<Unit filename="src/c5_longestPalindrome.cpp" />
		<Unit filename="src/c783_minDiffInBST.cpp" />
		<Unit filename="src/c87_isScramble.cpp" />
		<Unit filename="src/c897_increasingBST.cpp" />
		<Unit filename="src/c91_numDecodings.cpp" />
		<Unit filename="src/utils.cpp" />
		<Extensions>
			<lib_finder disable_auto="1" />
		</Extensions>
	</Project>
</CodeBlocks_project_file>
