<?xml version="1.0" encoding="UTF-8" standalone="yes" ?>
<CodeBlocks_project_file>
	<FileVersion major="1" minor="6" />
	<Project>
		<Option title="leetcode" />
		<Option pch_mode="2" />
		<Option compiler="gcc" />
		<Build>
			<Target title="Debug">
				<Option output="bin/Debug/leetcode" prefix_auto="1" extension_auto="1" />
				<Option object_output="obj/Debug/" />
				<Option type="1" />
				<Option compiler="gcc" />
				<Compiler>
					<Add option="-g" />
					<Add directory="include" />
				</Compiler>
			</Target>
			<Target title="Release">
				<Option output="bin/Release/leetcode" prefix_auto="1" extension_auto="1" />
				<Option object_output="obj/Release/" />
				<Option type="1" />
				<Option compiler="gcc" />
				<Compiler>
					<Add option="-O2" />
					<Add directory="include" />
				</Compiler>
				<Linker>
					<Add option="-s" />
				</Linker>
			</Target>
		</Build>
		<Compiler>
			<Add option="-Wall" />
			<Add option="-fexceptions" />
		</Compiler>
		<Unit filename="include/Solution.h" />
		<Unit filename="include/c1011_shipWithinDays.h" />
		<Unit filename="include/c1035_maxUncrossedLines.h" />
		<Unit filename="include/c104_maxDepth.h" />
		<Unit filename="include/c111_minDepth.h" />
		<Unit filename="include/c1190_reverseParentheses.h" />
		<Unit filename="include/c121_maxProfit.h" />
		<Unit filename="include/c122_maxProfit.h" />
		<Unit filename="include/c1269_numWays.h" />
		<Unit filename="include/c12_intToRoman.h" />
		<Unit filename="include/c1310_xorQueries.h" />
		<Unit filename="include/c136_singleNumber.h" />
		<Unit filename="include/c137_singleNumber.h" />
		<Unit filename="include/c13_romanToInt.h" />
		<Unit filename="include/c1418_displayTable.h" />
		<Unit filename="include/c1423_maxScore.h" />
		<Unit filename="include/c1442_countTriplets.h" />
		<Unit filename="include/c1486_xorOperation.h" />
		<Unit filename="include/c160_getIntersectionNode.h" />
		<Unit filename="include/c1707_maximizeXor.h" />
		<Unit filename="include/c1711_countPairs.h" />
		<Unit filename="include/c1720_decode.h" />
		<Unit filename="include/c1734_decode.h" />
		<Unit filename="include/c1738_kthLargestValue.h" />
		<Unit filename="include/c1743_restoreArray.h" />
		<Unit filename="include/c1744_canEat.h" />
		<Unit filename="include/c1818_minAbsoluteSumDiff.h" />
		<Unit filename="include/c1833_maxIceCream.h" />
		<Unit filename="include/c1846_maximumElementAfterDecrementingAndRearranging.h" />
		<Unit filename="include/c198_rob.h" />
		<Unit filename="include/c208_Trie.h" />
		<Unit filename="include/c213_rob.h" />
		<Unit filename="include/c218_getSkyline.h" />
		<Unit filename="include/c236_lowestCommonAncestor.h" />
		<Unit filename="include/c260_singleNumber.h" />
		<Unit filename="include/c274_hIndex.h" />
		<Unit filename="include/c275_hIndex.h" />
		<Unit filename="include/c279_numSquares.h" />
		<Unit filename="include/c27_removeElement.h" />
		<Unit filename="include/c28_strstr.h" />
		<Unit filename="include/c300_lengthOfLIS.h" />
		<Unit filename="include/c342_isPowerOfFour.h" />
		<Unit filename="include/c363_maxSumSubmatrix.h" />
		<Unit filename="include/c368_largestDivisibleSubset.h" />
		<Unit filename="include/c38_countAndSay.h" />
		<Unit filename="include/c39_combinationSum.h" />
		<Unit filename="include/c403_canCross.h" />
		<Unit filename="include/c421_findMaximumXOR.h" />
		<Unit filename="include/c429_levelOrder.h" />
		<Unit filename="include/c451_frequencySort.h" />
		<Unit filename="include/c45_jump.h" />
		<Unit filename="include/c461_hammingDistance.h" />
		<Unit filename="include/c46_permute.h" />
		<Unit filename="include/c474_findMaxForm.h" />
		<Unit filename="include/c477_totalHammingDistance.h" />
		<Unit filename="include/c47_permuteUnique.h" />
		<Unit filename="include/c494_findTargetSumWays.h" />
		<Unit filename="include/c523_checkSubarraySum.h" />
		<Unit filename="include/c554_leastBricks.h" />
		<Unit filename="include/c56_merge.h" />
		<Unit filename="include/c589_preorder.h" />
		<Unit filename="include/c5_longestPalindrome.h" />
		<Unit filename="include/c633_judgeSquareSum.h" />
		<Unit filename="include/c654_findErrorNums.h" />
		<Unit filename="include/c690_getImportance.h" />
		<Unit filename="include/c692_topKFrequent.h" />
		<Unit filename="include/c726_countOfAtoms.h" />
		<Unit filename="include/c740_deleteAndEarn.h" />
		<Unit filename="include/c783_minDiffInBST.h" />
		<Unit filename="include/c7_reverse.h" />
		<Unit filename="include/c810_xorGame.h" />
		<Unit filename="include/c826_maxProfitAssignment.h" />
		<Unit filename="include/c852_peakIndexInMountainArray.h" />
		<Unit filename="include/c872_leafSimilar.h" />
		<Unit filename="include/c87_isScramble.h" />
		<Unit filename="include/c897_increasingBST.h" />
		<Unit filename="include/c91_numDecodings.h" />
		<Unit filename="include/c930_numSubarraysWithSum.h" />
		<Unit filename="include/c958_isCompleteTree.h" />
		<Unit filename="include/c981_TimeMap.h" />
		<Unit filename="include/c983_rangeSumBST.h" />
		<Unit filename="include/c993_isCousins.h" />
		<Unit filename="include/m17_10_majorityElement.h" />
		<Unit filename="include/utils.h" />
		<Unit filename="main.cpp" />
		<Unit filename="src/Solution.cpp" />
		<Unit filename="src/c1011_shipWithinDays.cpp" />
		<Unit filename="src/c1035_maxUncrossedLines.cpp" />
		<Unit filename="src/c104_maxDepth.cpp" />
		<Unit filename="src/c111_minDepth.cpp" />
		<Unit filename="src/c1190_reverseParentheses.cpp" />
		<Unit filename="src/c121_maxProfit.cpp" />
		<Unit filename="src/c122_maxProfit.cpp" />
		<Unit filename="src/c1269_numWays.cpp" />
		<Unit filename="src/c12_intToRoman.cpp" />
		<Unit filename="src/c1310_xorQueries.cpp" />
		<Unit filename="src/c136_singleNumber.cpp" />
		<Unit filename="src/c137_singleNumber.cpp" />
		<Unit filename="src/c13_romanToInt.cpp" />
		<Unit filename="src/c1418_displayTable.cpp" />
		<Unit filename="src/c1423_maxScore.cpp" />
		<Unit filename="src/c1442_countTriplets.cpp" />
		<Unit filename="src/c1486_xorOperation.cpp" />
		<Unit filename="src/c160_getIntersectionNode.cpp" />
		<Unit filename="src/c1707_maximizeXor.cpp" />
		<Unit filename="src/c1711_countPairs.cpp" />
		<Unit filename="src/c1720_decode.cpp" />
		<Unit filename="src/c1734_decode.cpp" />
		<Unit filename="src/c1738_kthLargestValue.cpp" />
		<Unit filename="src/c1743_restoreArray.cpp" />
		<Unit filename="src/c1744_canEat.cpp" />
		<Unit filename="src/c1818_minAbsoluteSumDiff.cpp" />
		<Unit filename="src/c1833_maxIceCream.cpp" />
		<Unit filename="src/c1846_maximumElementAfterDecrementingAndRearranging.cpp" />
		<Unit filename="src/c198_rob.cpp" />
		<Unit filename="src/c208_Trie.cpp" />
		<Unit filename="src/c213_rob.cpp" />
		<Unit filename="src/c218_getSkyline.cpp" />
		<Unit filename="src/c22_generateParenthesis.cpp" />
		<Unit filename="src/c236_lowestCommonAncestor.cpp" />
		<Unit filename="src/c260_singleNumber.cpp" />
		<Unit filename="src/c274_hIndex.cpp" />
		<Unit filename="src/c275_hIndex.cpp" />
		<Unit filename="src/c279_numSquares.cpp" />
		<Unit filename="src/c27_removeElement.cpp" />
		<Unit filename="src/c28_strstr.cpp" />
		<Unit filename="src/c300_lengthOfLIS.cpp" />
		<Unit filename="src/c33_search.cpp" />
		<Unit filename="src/c342_isPowerOfFour.cpp" />
		<Unit filename="src/c363_maxSumSubmatrix.cpp" />
		<Unit filename="src/c368_largestDivisibleSubset.cpp" />
		<Unit filename="src/c38_countAndSay.cpp" />
		<Unit filename="src/c39_combinationSum.cpp" />
		<Unit filename="src/c403_canCross.cpp" />
		<Unit filename="src/c421_findMaximumXOR.cpp" />
		<Unit filename="src/c429_levelOrder.cpp" />
		<Unit filename="src/c451_frequencySort.cpp" />
		<Unit filename="src/c45_jump.cpp" />
		<Unit filename="src/c461_hammingDistance.cpp" />
		<Unit filename="src/c46_permute.cpp" />
		<Unit filename="src/c474_findMaxForm.cpp" />
		<Unit filename="src/c477_totalHammingDistance.cpp" />
		<Unit filename="src/c47_permuteUnique.cpp" />
		<Unit filename="src/c494_findTargetSumWays.cpp" />
		<Unit filename="src/c523_checkSubarraySum.cpp" />
		<Unit filename="src/c554_leastBricks.cpp" />
		<Unit filename="src/c56_merge.cpp" />
		<Unit filename="src/c589_preorder.cpp" />
		<Unit filename="src/c5_longestPalindrome.cpp" />
		<Unit filename="src/c633_judgeSquareSum.cpp" />
		<Unit filename="src/c654_findErrorNums.cpp" />
		<Unit filename="src/c690_getImportance.cpp" />
		<Unit filename="src/c692_topKFrequent.cpp" />
		<Unit filename="src/c726_countOfAtoms.cpp" />
		<Unit filename="src/c740_deleteAndEarn.cpp" />
		<Unit filename="src/c783_minDiffInBST.cpp" />
		<Unit filename="src/c7_reverse.cpp" />
		<Unit filename="src/c810_xorGame.cpp" />
		<Unit filename="src/c826_maxProfitAssignment.cpp" />
		<Unit filename="src/c852_peakIndexInMountainArray.cpp" />
		<Unit filename="src/c872_leafSimilar.cpp" />
		<Unit filename="src/c87_isScramble.cpp" />
		<Unit filename="src/c897_increasingBST.cpp" />
		<Unit filename="src/c91_numDecodings.cpp" />
		<Unit filename="src/c930_numSubarraysWithSum.cpp" />
		<Unit filename="src/c958_isCompleteTree.cpp" />
		<Unit filename="src/c981_TimeMap.cpp" />
		<Unit filename="src/c983_rangeSumBST.cpp" />
		<Unit filename="src/c993_isCousins.cpp" />
		<Unit filename="src/m17_10_majorityElement.cpp" />
		<Unit filename="src/utils.cpp" />
		<Extensions>
			<lib_finder disable_auto="1" />
		</Extensions>
	</Project>
</CodeBlocks_project_file>
